// !$*UTF8*$!
{
	archiveVersion = 1;
	classes = {
	};
	objectVersion = 46;
	objects = {

/* Begin PBXBuildFile section */
		3D22908C1F71CD0700C9FFE4 /* AppDelegate.swift in Sources */ = {isa = PBXBuildFile; fileRef = 3D22908B1F71CD0700C9FFE4 /* AppDelegate.swift */; };
		3D22908E1F71CD0700C9FFE4 /* ViewController.swift in Sources */ = {isa = PBXBuildFile; fileRef = 3D22908D1F71CD0700C9FFE4 /* ViewController.swift */; };
		3D2290911F71CD0700C9FFE4 /* Main.storyboard in Resources */ = {isa = PBXBuildFile; fileRef = 3D22908F1F71CD0700C9FFE4 /* Main.storyboard */; };
		3D2290931F71CD0700C9FFE4 /* Assets.xcassets in Resources */ = {isa = PBXBuildFile; fileRef = 3D2290921F71CD0700C9FFE4 /* Assets.xcassets */; };
		3D2290961F71CD0700C9FFE4 /* LaunchScreen.storyboard in Resources */ = {isa = PBXBuildFile; fileRef = 3D2290941F71CD0700C9FFE4 /* LaunchScreen.storyboard */; };
/* End PBXBuildFile section */

/* Begin PBXFileReference section */
		3D2290881F71CD0600C9FFE4 /* TipPro.app */ = {isa = PBXFileReference; explicitFileType = wrapper.application; includeInIndex = 0; path = TipPro.app; sourceTree = BUILT_PRODUCTS_DIR; };
		3D22908B1F71CD0700C9FFE4 /* AppDelegate.swift */ = {isa = PBXFileReference; lastKnownFileType = sourcecode.swift; path = AppDelegate.swift; sourceTree = "<group>"; };
		3D22908D1F71CD0700C9FFE4 /* ViewController.swift */ = {isa = PBXFileReference; lastKnownFileType = sourcecode.swift; path = ViewController.swift; sourceTree = "<group>"; };
		3D2290901F71CD0700C9FFE4 /* Base */ = {isa = PBXFileReference; lastKnownFileType = file.storyboard; name = Base; path = Base.lproj/Main.storyboard; sourceTree = "<group>"; };
		3D2290921F71CD0700C9FFE4 /* Assets.xcassets */ = {isa = PBXFileReference; lastKnownFileType = folder.assetcatalog; path = Assets.xcassets; sourceTree = "<group>"; };
		3D2290951F71CD0700C9FFE4 /* Base */ = {isa = PBXFileReference; lastKnownFileType = file.storyboard; name = Base; path = Base.lproj/LaunchScreen.storyboard; sourceTree = "<group>"; };
		3D2290971F71CD0700C9FFE4 /* Info.plist */ = {isa = PBXFileReference; lastKnownFileType = text.plist.xml; path = Info.plist; sourceTree = "<group>"; };
/* End PBXFileReference section */

/* Begin PBXFrameworksBuildPhase section */
		3D2290851F71CD0600C9FFE4 /* Frameworks */ = {
			isa = PBXFrameworksBuildPhase;
			buildActionMask = 2147483647;
			files = (
			);
			runOnlyForDeploymentPostprocessing = 0;
		};
/* End PBXFrameworksBuildPhase section */

/* Begin PBXGroup section */
		3D22907F1F71CD0600C9FFE4 = {
			isa = PBXGroup;
			children = (
				3D22908A1F71CD0700C9FFE4 /* TipPro */,
				3D2290891F71CD0700C9FFE4 /* Products */,
			);
			sourceTree = "<group>";
		};
		3D2290891F71CD0700C9FFE4 /* Products */ = {
			isa = PBXGroup;
			children = (
				3D2290881F71CD0600C9FFE4 /* TipPro.app */,
			);
			name = Products;
			sourceTree = "<group>";
		};
		3D22908A1F71CD0700C9FFE4 /* TipPro */ = {
			isa = PBXGroup;
			children = (
				3D22908B1F71CD0700C9FFE4 /* AppDelegate.swift */,
				3D22908D1F71CD0700C9FFE4 /* ViewController.swift */,
				3D22908F1F71CD0700C9FFE4 /* Main.storyboard */,
				3D2290921F71CD0700C9FFE4 /* Assets.xcassets */,
				3D2290941F71CD0700C9FFE4 /* LaunchScreen.storyboard */,
				3D2290971F71CD0700C9FFE4 /* Info.plist */,
			);
			path = TipPro;
			sourceTree = "<group>";
		};
/* End PBXGroup section */

/* Begin PBXNativeTarget section */
		3D2290871F71CD0600C9FFE4 /* TipPro */ = {
			isa = PBXNativeTarget;
			buildConfigurationList = 3D22909A1F71CD0700C9FFE4 /* Build configuration list for PBXNativeTarget "TipPro" */;
			buildPhases = (
				3D2290841F71CD0600C9FFE4 /* Sources */,
				3D2290851F71CD0600C9FFE4 /* Frameworks */,
				3D2290861F71CD0600C9FFE4 /* Resources */,
			);
			buildRules = (
			);
			dependencies = (
			);
			name = TipPro;
			productName = TipPro;
			productReference = 3D2290881F71CD0600C9FFE4 /* TipPro.app */;
			productType = "com.apple.product-type.application";
		};
/* End PBXNativeTarget section */

/* Begin PBXProject section */
		3D2290801F71CD0600C9FFE4 /* Project object */ = {
			isa = PBXProject;
			attributes = {
				LastSwiftUpdateCheck = 0830;
				LastUpgradeCheck = 0830;
				ORGANIZATIONNAME = "Willie Johnson";
				TargetAttributes = {
					3D2290871F71CD0600C9FFE4 = {
						CreatedOnToolsVersion = 8.3.3;
						ProvisioningStyle = Automatic;
					};
				};
			};
			buildConfigurationList = 3D2290831F71CD0600C9FFE4 /* Build configuration list for PBXProject "TipPro" */;
			compatibilityVersion = "Xcode 3.2";
			developmentRegion = English;
			hasScannedForEncodings = 0;
			knownRegions = (
				en,
				Base,
			);
			mainGroup = 3D22907F1F71CD0600C9FFE4;
			productRefGroup = 3D2290891F71CD0700C9FFE4 /* Products */;
			projectDirPath = "";
			projectRoot = "";
			targets = (
				3D2290871F71CD0600C9FFE4 /* TipPro */,
			);
		};
/* End PBXProject section */

/* Begin PBXResourcesBuildPhase section */
		3D2290861F71CD0600C9FFE4 /* Resources */ = {
			isa = PBXResourcesBuildPhase;
			buildActionMask = 2147483647;
			files = (
				3D2290961F71CD0700C9FFE4 /* LaunchScreen.storyboard in Resources */,
				3D2290931F71CD0700C9FFE4 /* Assets.xcassets in Resources */,
				3D2290911F71CD0700C9FFE4 /* Main.storyboard in Resources */,
			);
			runOnlyForDeploymentPostprocessing = 0;
		};
/* End PBXResourcesBuildPhase section */

/* Begin PBXSourcesBuildPhase section */
		3D2290841F71CD0600C9FFE4 /* Sources */ = {
			isa = PBXSourcesBuildPhase;
			buildActionMask = 2147483647;
			files = (
				3D22908E1F71CD0700C9FFE4 /* ViewController.swift in Sources */,
				3D22908C1F71CD0700C9FFE4 /* AppDelegate.swift in Sources */,
			);
			runOnlyForDeploymentPostprocessing = 0;
		};
/* End PBXSourcesBuildPhase section */

/* Begin PBXVariantGroup section */
		3D22908F1F71CD0700C9FFE4 /* Main.storyboard */ = {
			isa = PBXVariantGroup;
			children = (
				3D2290901F71CD0700C9FFE4 /* Base */,
			);
			name = Main.storyboard;
			sourceTree = "<group>";
		};
		3D2290941F71CD0700C9FFE4 /* LaunchScreen.storyboard */ = {
			isa = PBXVariantGroup;
			children = (
				3D2290951F71CD0700C9FFE4 /* Base */,
			);
			name = LaunchScreen.storyboard;
			sourceTree = "<group>";
		};
/* End PBXVariantGroup section */

/* Begin XCBuildConfiguration section */
		3D2290981F71CD0700C9FFE4 /* Debug */ = {
			isa = XCBuildConfiguration;
			buildSettings = {
				ALWAYS_SEARCH_USER_PATHS = NO;
				CLANG_ANALYZER_NONNULL = YES;
				CLANG_ANALYZER_NUMBER_OBJECT_CONVERSION = YES_AGGRESSIVE;
				CLANG_CXX_LANGUAGE_STANDARD = "gnu++0x";
				CLANG_CXX_LIBRARY = "libc++";
				CLANG_ENABLE_MODULES = YES;
				CLANG_ENABLE_OBJC_ARC = YES;
				CLANG_WARN_BOOL_CONVERSION = YES;
				CLANG_WARN_CONSTANT_CONVERSION = YES;
				CLANG_WARN_DIRECT_OBJC_ISA_USAGE = YES_ERROR;
				CLANG_WARN_DOCUMENTATION_COMMENTS = YES;
				CLANG_WARN_EMPTY_BODY = YES;
				CLANG_WARN_ENUM_CONVERSION = YES;
				CLANG_WARN_INFINITE_RECURSION = YES;
				CLANG_WARN_INT_CONVERSION = YES;
				CLANG_WARN_OBJC_ROOT_CLASS = YES_ERROR;
				CLANG_WARN_SUSPICIOUS_MOVE = YES;
				CLANG_WARN_UNREACHABLE_CODE = YES;
				CLANG_WARN__DUPLICATE_METHOD_MATCH = YES;
				"CODE_SIGN_IDENTITY[sdk=iphoneos*]" = "iPhone Developer";
				COPY_PHASE_STRIP = NO;
				DEBUG_INFORMATION_FORMAT = dwarf;
				ENABLE_STRICT_OBJC_MSGSEND = YES;
				ENABLE_TESTABILITY = YES;
				GCC_C_LANGUAGE_STANDARD = gnu99;
				GCC_DYNAMIC_NO_PIC = NO;
				GCC_NO_COMMON_BLOCKS = YES;
				GCC_OPTIMIZATION_LEVEL = 0;
				GCC_PREPROCESSOR_DEFINITIONS = (
					"DEBUG=1",
					"$(inherited)",
				);
				GCC_WARN_64_TO_32_BIT_CONVERSION = YES;
				GCC_WARN_ABOUT_RETURN_TYPE = YES_ERROR;
				GCC_WARN_UNDECLARED_SELECTOR = YES;
				GCC_WARN_UNINITIALIZED_AUTOS = YES_AGGRESSIVE;
				GCC_WARN_UNUSED_FUNCTION = YES;
				GCC_WARN_UNUSED_VARIABLE = YES;
				IPHONEOS_DEPLOYMENT_TARGET = 10.3;
				MTL_ENABLE_DEBUG_INFO = YES;
				ONLY_ACTIVE_ARCH = YES;
				SDKROOT = iphoneos;
				SWIFT_ACTIVE_COMPILATION_CONDITIONS = DEBUG;
				SWIFT_OPTIMIZATION_LEVEL = "-Onone";
			};
			name = Debug;
		};
		3D2290991F71CD0700C9FFE4 /* Release */ = {
			isa = XCBuildConfiguration;
			buildSettings = {
				ALWAYS_SEARCH_USER_PATHS = NO;
				CLANG_ANALYZER_NONNULL = YES;
				CLANG_ANALYZER_NUMBER_OBJECT_CONVERSION = YES_AGGRESSIVE;
				CLANG_CXX_LANGUAGE_STANDARD = "gnu++0x";
				CLANG_CXX_LIBRARY = "libc++";
				CLANG_ENABLE_MODULES = YES;
				CLANG_ENABLE_OBJC_ARC = YES;
				CLANG_WARN_BOOL_CONVERSION = YES;
				CLANG_WARN_CONSTANT_CONVERSION = YES;
				CLANG_WARN_DIRECT_OBJC_ISA_USAGE = YES_ERROR;
				CLANG_WARN_DOCUMENTATION_COMMENTS = YES;
				CLANG_WARN_EMPTY_BODY = YES;
				CLANG_WARN_ENUM_CONVERSION = YES;
				CLANG_WARN_INFINITE_RECURSION = YES;
				CLANG_WARN_INT_CONVERSION = YES;
				CLANG_WARN_OBJC_ROOT_CLASS = YES_ERROR;
				CLANG_WARN_SUSPICIOUS_MOVE = YES;
				CLANG_WARN_UNREACHABLE_CODE = YES;
				CLANG_WARN__DUPLICATE_METHOD_MATCH = YES;
				"CODE_SIGN_IDENTITY[sdk=iphoneos*]" = "iPhone Developer";
				COPY_PHASE_STRIP = NO;
				DEBUG_INFORMATION_FORMAT = "dwarf-with-dsym";
				ENABLE_NS_ASSERTIONS = NO;
				ENABLE_STRICT_OBJC_MSGSEND = YES;
				GCC_C_LANGUAGE_STANDARD = gnu99;
				GCC_NO_COMMON_BLOCKS = YES;
				GCC_WARN_64_TO_32_BIT_CONVERSION = YES;
				GCC_WARN_ABOUT_RETURN_TYPE = YES_ERROR;
				GCC_WARN_UNDECLARED_SELECTOR = YES;
				GCC_WARN_UNINITIALIZED_AUTOS = YES_AGGRESSIVE;
				GCC_WARN_UNUSED_FUNCTION = YES;
				GCC_WARN_UNUSED_VARIABLE = YES;
				IPHONEOS_DEPLOYMENT_TARGET = 10.3;
				MTL_ENABLE_DEBUG_INFO = NO;
				SDKROOT = iphoneos;
				SWIFT_OPTIMIZATION_LEVEL = "-Owholemodule";
				VALIDATE_PRODUCT = YES;
			};
			name = Release;
		};
		3D22909B1F71CD0700C9FFE4 /* Debug */ = {
			isa = XCBuildConfiguration;
			buildSettings = {
				ASSETCATALOG_COMPILER_APPICON_NAME = AppIcon;
				INFOPLIST_FILE = TipPro/Info.plist;
				LD_RUNPATH_SEARCH_PATHS = "$(inherited) @executable_path/Frameworks";
				PRODUCT_BUNDLE_IDENTIFIER = com.sillygames.TipPro;
				PRODUCT_NAME = "$(TARGET_NAME)";
				SWIFT_VERSION = 3.0;
			};
			name = Debug;
		};
		3D22909C1F71CD0700C9FFE4 /* Release */ = {
			isa = XCBuildConfiguration;
			buildSettings = {
				ASSETCATALOG_COMPILER_APPICON_NAME = AppIcon;
				INFOPLIST_FILE = TipPro/Info.plist;
				LD_RUNPATH_SEARCH_PATHS = "$(inherited) @executable_path/Frameworks";
				PRODUCT_BUNDLE_IDENTIFIER = com.sillygames.TipPro;
				PRODUCT_NAME = "$(TARGET_NAME)";
				SWIFT_VERSION = 3.0;
			};
			name = Release;
		};
/* End XCBuildConfiguration section */

/* Begin XCConfigurationList section */
		3D2290831F71CD0600C9FFE4 /* Build configuration list for PBXProject "TipPro" */ = {
			isa = XCConfigurationList;
			buildConfigurations = (
				3D2290981F71CD0700C9FFE4 /* Debug */,
				3D2290991F71CD0700C9FFE4 /* Release */,
			);
			defaultConfigurationIsVisible = 0;
			defaultConfigurationName = Release;
		};
		3D22909A1F71CD0700C9FFE4 /* Build configuration list for PBXNativeTarget "TipPro" */ = {
			isa = XCConfigurationList;
			buildConfigurations = (
				3D22909B1F71CD0700C9FFE4 /* Debug */,
				3D22909C1F71CD0700C9FFE4 /* Release */,
			);
			defaultConfigurationIsVisible = 0;
		};
/* End XCConfigurationList section */
	};
	rootObject = 3D2290801F71CD0600C9FFE4 /* Project object */;
}
